
Microsoft Visual Studio Solution File, Format Version 12.00
# Visual Studio Version 17
VisualStudioVersion = 17.5.002.0
MinimumVisualStudioVersion = 10.0.40219.1
Project("{9A19103F-16F7-4668-BE54-9A1E7A4F7556}") = "newNotesApp", "newNotesApp.csproj", "{3503BA95-F30A-4B55-B2C2-017CD5C0DE25}"
EndProject
Global
	GlobalSection(SolutionConfigurationPlatforms) = preSolution
		Debug|Any CPU = Debug|Any CPU
		Release|Any CPU = Release|Any CPU
	EndGlobalSection
	GlobalSection(ProjectConfigurationPlatforms) = postSolution
		{3503BA95-F30A-4B55-B2C2-017CD5C0DE25}.Debug|Any CPU.ActiveCfg = Debug|Any CPU
		{3503BA95-F30A-4B55-B2C2-017CD5C0DE25}.Debug|Any CPU.Build.0 = Debug|Any CPU
		{3503BA95-F30A-4B55-B2C2-017CD5C0DE25}.Release|Any CPU.ActiveCfg = Release|Any CPU
		{3503BA95-F30A-4B55-B2C2-017CD5C0DE25}.Release|Any CPU.Build.0 = Release|Any CPU
	EndGlobalSection
	GlobalSection(SolutionProperties) = preSolution
		HideSolutionNode = FALSE
	EndGlobalSection
	GlobalSection(ExtensibilityGlobals) = postSolution
		SolutionGuid = {5C3757F8-CA15-4622-B0B5-F6487FD58445}
	EndGlobalSection
EndGlobal
